# THIS IS AN AUTOGENERATED FILE. DO NOT EDIT THIS FILE DIRECTLY.
# yarn lockfile v1


"@types/joi@~14.3.0":
  version "14.3.2"
  resolved "https://registry.yarnpkg.com/@types/joi/-/joi-14.3.2.tgz#eff771f0b19698b8e6e7c6fe6b625e07e2618fe9"
  integrity sha512-riJTpNwDOoRgRrrOjfcjwMBYJLVg8rzwMEAAcZ2JBvdmYWCLIsbzTFXHV517terbYzGmdzkwFYeXUem7eXVNoQ==

"@types/node@*":
  version "11.12.2"
  resolved "https://registry.yarnpkg.com/@types/node/-/node-11.12.2.tgz#d7f302e74b10e9801d52852137f652d9ee235da8"
  integrity sha512-c82MtnqWB/CqqK7/zit74Ob8H1dBdV7bK+BcErwtXbe0+nUGkgzq5NTDmRW/pAv2lFtmeNmW95b0zK2hxpeklg==
